
Microsoft Visual Studio Solution File, Format Version 12.00
# Visual Studio Version 17
VisualStudioVersion = 17.6.33815.320
MinimumVisualStudioVersion = 10.0.40219.1
Project("{FAE04EC0-301F-11D3-BF4B-00C04F79EFBC}") = "asp.netIdentityApp", "asp.netIdentityApp\asp.netIdentityApp.csproj", "{D4DD8752-B24F-4B4C-89F7-90356BBD38E8}"
EndProject
Global
	GlobalSection(SolutionConfigurationPlatforms) = preSolution
		Debug|Any CPU = Debug|Any CPU
		Release|Any CPU = Release|Any CPU
	EndGlobalSection
	GlobalSection(ProjectConfigurationPlatforms) = postSolution
		{D4DD8752-B24F-4B4C-89F7-90356BBD38E8}.Debug|Any CPU.ActiveCfg = Debug|Any CPU
		{D4DD8752-B24F-4B4C-89F7-90356BBD38E8}.Debug|Any CPU.Build.0 = Debug|Any CPU
		{D4DD8752-B24F-4B4C-89F7-90356BBD38E8}.Release|Any CPU.ActiveCfg = Release|Any CPU
		{D4DD8752-B24F-4B4C-89F7-90356BBD38E8}.Release|Any CPU.Build.0 = Release|Any CPU
	EndGlobalSection
	GlobalSection(SolutionProperties) = preSolution
		HideSolutionNode = FALSE
	EndGlobalSection
	GlobalSection(ExtensibilityGlobals) = postSolution
		SolutionGuid = {7126EB04-0164-4FA2-BA84-A5F56EFD8050}
	EndGlobalSection
EndGlobal
